
Microsoft Visual Studio Solution File, Format Version 12.00
# Visual Studio 15
VisualStudioVersion = 15.0.26403.3
MinimumVisualStudioVersion = 10.0.40219.1
Project("{9A19103F-16F7-4668-BE54-9A1E7A4F7556}") = "domain", "domain\domain.csproj", "{275F0811-8002-4B6F-88A0-AFA182FF1464}"
EndProject
Project("{9A19103F-16F7-4668-BE54-9A1E7A4F7556}") = "host", "host\host.csproj", "{F8C7FEE8-DD52-4C13-8CB0-8198A0622037}"
EndProject
Project("{9A19103F-16F7-4668-BE54-9A1E7A4F7556}") = "Kit.Dal", "..\..\kit\Kit.Dal\Kit.Dal.csproj", "{376A31CB-06B5-4EFE-81C7-230C97080020}"
EndProject
Project("{9A19103F-16F7-4668-BE54-9A1E7A4F7556}") = "Kit.Core", "..\..\kit\Kit.Core\Kit.Core.csproj", "{EE86043F-AAE1-4272-8435-C001903319E1}"
EndProject
Project("{9A19103F-16F7-4668-BE54-9A1E7A4F7556}") = "Kit.Dal.Postgre", "..\..\kit\Kit.Dal.Postgre\Kit.Dal.Postgre.csproj", "{5BB22C9B-AF39-4F33-B899-42A6EF8F3F2C}"
EndProject
Global
	GlobalSection(SolutionConfigurationPlatforms) = preSolution
		Debug|Any CPU = Debug|Any CPU
		Release|Any CPU = Release|Any CPU
	EndGlobalSection
	GlobalSection(ProjectConfigurationPlatforms) = postSolution
		{275F0811-8002-4B6F-88A0-AFA182FF1464}.Debug|Any CPU.ActiveCfg = Debug|Any CPU
		{275F0811-8002-4B6F-88A0-AFA182FF1464}.Debug|Any CPU.Build.0 = Debug|Any CPU
		{275F0811-8002-4B6F-88A0-AFA182FF1464}.Release|Any CPU.ActiveCfg = Release|Any CPU
		{275F0811-8002-4B6F-88A0-AFA182FF1464}.Release|Any CPU.Build.0 = Release|Any CPU
		{F8C7FEE8-DD52-4C13-8CB0-8198A0622037}.Debug|Any CPU.ActiveCfg = Debug|Any CPU
		{F8C7FEE8-DD52-4C13-8CB0-8198A0622037}.Release|Any CPU.ActiveCfg = Release|Any CPU
		{F8C7FEE8-DD52-4C13-8CB0-8198A0622037}.Release|Any CPU.Build.0 = Release|Any CPU
		{376A31CB-06B5-4EFE-81C7-230C97080020}.Debug|Any CPU.ActiveCfg = Debug|Any CPU
		{376A31CB-06B5-4EFE-81C7-230C97080020}.Debug|Any CPU.Build.0 = Debug|Any CPU
		{376A31CB-06B5-4EFE-81C7-230C97080020}.Release|Any CPU.ActiveCfg = Release|Any CPU
		{376A31CB-06B5-4EFE-81C7-230C97080020}.Release|Any CPU.Build.0 = Release|Any CPU
		{EE86043F-AAE1-4272-8435-C001903319E1}.Debug|Any CPU.ActiveCfg = Debug|Any CPU
		{EE86043F-AAE1-4272-8435-C001903319E1}.Debug|Any CPU.Build.0 = Debug|Any CPU
		{EE86043F-AAE1-4272-8435-C001903319E1}.Release|Any CPU.ActiveCfg = Release|Any CPU
		{EE86043F-AAE1-4272-8435-C001903319E1}.Release|Any CPU.Build.0 = Release|Any CPU
		{5BB22C9B-AF39-4F33-B899-42A6EF8F3F2C}.Debug|Any CPU.ActiveCfg = Debug|Any CPU
		{5BB22C9B-AF39-4F33-B899-42A6EF8F3F2C}.Debug|Any CPU.Build.0 = Debug|Any CPU
		{5BB22C9B-AF39-4F33-B899-42A6EF8F3F2C}.Release|Any CPU.ActiveCfg = Release|Any CPU
		{5BB22C9B-AF39-4F33-B899-42A6EF8F3F2C}.Release|Any CPU.Build.0 = Release|Any CPU
	EndGlobalSection
	GlobalSection(SolutionProperties) = preSolution
		HideSolutionNode = FALSE
	EndGlobalSection
EndGlobal
