
Microsoft Visual Studio Solution File, Format Version 12.00
# Visual Studio 14
VisualStudioVersion = 14.0.25420.1
MinimumVisualStudioVersion = 10.0.40219.1
Project("{2150E333-8FDC-42A3-9474-1A3956D46DE8}") = "src", "src", "{32F7DBBF-696B-4129-8732-0B937D202F6F}"
EndProject
Project("{2150E333-8FDC-42A3-9474-1A3956D46DE8}") = "Solution Items", "Solution Items", "{390A951B-95AE-43A5-9BFF-681DE03FE930}"
	ProjectSection(SolutionItems) = preProject
		global.json = global.json
	EndProjectSection
EndProject
Project("{8BB2217D-0F2D-49D1-97BC-3654ED321F3B}") = "host", "src\Host\host.xproj", "{C78E67C5-7E64-49C4-9581-BFDFB3502FD0}"
EndProject
Project("{8BB2217D-0F2D-49D1-97BC-3654ED321F3B}") = "Kit.Dal", "..\..\..\kit\src\Kit.Dal\Kit.Dal.xproj", "{EFC3FD89-351A-4E6D-891A-8F410E325F2E}"
EndProject
Project("{8BB2217D-0F2D-49D1-97BC-3654ED321F3B}") = "Kit.Core", "..\..\..\kit\src\Kit.Core\Kit.Core.xproj", "{05987B61-EF26-4E20-92FB-28BB592AD3CF}"
EndProject
Project("{8BB2217D-0F2D-49D1-97BC-3654ED321F3B}") = "Kit.Core.Web", "..\..\..\kit\src\Kit.Core.Web\Kit.Core.Web.xproj", "{F1AF5381-E765-4CCB-B1C7-4120B1E57DD9}"
EndProject
Project("{8BB2217D-0F2D-49D1-97BC-3654ED321F3B}") = "Kit.Dal.Postgre", "..\..\..\kit\src\Kit.Dal.Postgre\Kit.Dal.Postgre.xproj", "{918BFBC6-8C30-4A11-B038-E449F9E7E479}"
EndProject
Project("{8BB2217D-0F2D-49D1-97BC-3654ED321F3B}") = "domain", "src\domain\domain.xproj", "{FFAC880E-1E64-491F-AE0C-50021AA6DC3A}"
EndProject
Global
	GlobalSection(SolutionConfigurationPlatforms) = preSolution
		Debug|Any CPU = Debug|Any CPU
		Release|Any CPU = Release|Any CPU
	EndGlobalSection
	GlobalSection(ProjectConfigurationPlatforms) = postSolution
		{C78E67C5-7E64-49C4-9581-BFDFB3502FD0}.Debug|Any CPU.ActiveCfg = Debug|Any CPU
		{C78E67C5-7E64-49C4-9581-BFDFB3502FD0}.Debug|Any CPU.Build.0 = Debug|Any CPU
		{C78E67C5-7E64-49C4-9581-BFDFB3502FD0}.Release|Any CPU.ActiveCfg = Release|Any CPU
		{C78E67C5-7E64-49C4-9581-BFDFB3502FD0}.Release|Any CPU.Build.0 = Release|Any CPU
		{EFC3FD89-351A-4E6D-891A-8F410E325F2E}.Debug|Any CPU.ActiveCfg = Debug|Any CPU
		{EFC3FD89-351A-4E6D-891A-8F410E325F2E}.Release|Any CPU.ActiveCfg = Release|Any CPU
		{EFC3FD89-351A-4E6D-891A-8F410E325F2E}.Release|Any CPU.Build.0 = Release|Any CPU
		{05987B61-EF26-4E20-92FB-28BB592AD3CF}.Debug|Any CPU.ActiveCfg = Debug|Any CPU
		{05987B61-EF26-4E20-92FB-28BB592AD3CF}.Release|Any CPU.ActiveCfg = Release|Any CPU
		{05987B61-EF26-4E20-92FB-28BB592AD3CF}.Release|Any CPU.Build.0 = Release|Any CPU
		{F1AF5381-E765-4CCB-B1C7-4120B1E57DD9}.Debug|Any CPU.ActiveCfg = Debug|Any CPU
		{F1AF5381-E765-4CCB-B1C7-4120B1E57DD9}.Release|Any CPU.ActiveCfg = Release|Any CPU
		{F1AF5381-E765-4CCB-B1C7-4120B1E57DD9}.Release|Any CPU.Build.0 = Release|Any CPU
		{918BFBC6-8C30-4A11-B038-E449F9E7E479}.Debug|Any CPU.ActiveCfg = Debug|Any CPU
		{918BFBC6-8C30-4A11-B038-E449F9E7E479}.Release|Any CPU.ActiveCfg = Release|Any CPU
		{918BFBC6-8C30-4A11-B038-E449F9E7E479}.Release|Any CPU.Build.0 = Release|Any CPU
		{FFAC880E-1E64-491F-AE0C-50021AA6DC3A}.Debug|Any CPU.ActiveCfg = Debug|Any CPU
		{FFAC880E-1E64-491F-AE0C-50021AA6DC3A}.Release|Any CPU.ActiveCfg = Release|Any CPU
		{FFAC880E-1E64-491F-AE0C-50021AA6DC3A}.Release|Any CPU.Build.0 = Release|Any CPU
	EndGlobalSection
	GlobalSection(SolutionProperties) = preSolution
		HideSolutionNode = FALSE
	EndGlobalSection
	GlobalSection(NestedProjects) = preSolution
		{C78E67C5-7E64-49C4-9581-BFDFB3502FD0} = {32F7DBBF-696B-4129-8732-0B937D202F6F}
		{FFAC880E-1E64-491F-AE0C-50021AA6DC3A} = {32F7DBBF-696B-4129-8732-0B937D202F6F}
	EndGlobalSection
EndGlobal
